<?xml version="1.0" encoding="UTF-8" standalone="yes" ?>
<CodeBlocks_project_file>
	<FileVersion major="1" minor="5" />
	<Project>
		<Option title="Minimal Sample" />
		<Option pch_mode="2" />
		<Option default_target="" />
		<Option compiler="gcc" />
		<Build>
			<Target title="Debug">
				<Option output="bin/Debug/Minimal" />
				<Option working_dir="bin" />
				<Option object_output="obj/Debug/" />
				<Option type="0" />
				<Option compiler="gcc" />
				<Compiler>
					<Add option="-g" />
				</Compiler>
			</Target>
			<Target title="Release">
				<Option output="bin/Release/Minimal" />
				<Option working_dir="bin" />
				<Option object_output="obj/Release/" />
				<Option type="0" />
				<Option compiler="gcc" />
				<Compiler>
					<Add option="-O2" />
				</Compiler>
				<Linker>
					<Add option="-s" />
				</Linker>
			</Target>
		</Build>
		<Compiler>
			<Add option="-O2" />
			<Add option="-g" />
		</Compiler>
		<Linker>
			<Add option="-L. -lwxd -lwxc" />
			<Add option="`wx-config --libs` -lstdc++" />
			<Add option="-lgphobos -lm -lpthread" />
		</Linker>
		<Unit filename="Samples/Minimal/Minimal.d">
			<Option compilerVar="CPP" />
			<Option compiler="gcc" use="1" buildCommand="gdc $options $includes -c $file -o $object" />
			<Option target="Debug" />
			<Option target="Release" />
		</Unit>
	</Project>
</CodeBlocks_project_file>